// !$*UTF8*$!
{
	archiveVersion = 1;
	classes = {
	};
	objectVersion = 77;
	objects = {

/* Begin PBXContainerItemProxy section */
		2C6302B52D7FC3D10027864D /* PBXContainerItemProxy */ = {
			isa = PBXContainerItemProxy;
			containerPortal = 2C6302982D7FC3CF0027864D /* Project object */;
			proxyType = 1;
			remoteGlobalIDString = 2C63029F2D7FC3CF0027864D;
			remoteInfo = "call-blocker";
		};
		2C6302BF2D7FC3D10027864D /* PBXContainerItemProxy */ = {
			isa = PBXContainerItemProxy;
			containerPortal = 2C6302982D7FC3CF0027864D /* Project object */;
			proxyType = 1;
			remoteGlobalIDString = 2C63029F2D7FC3CF0027864D;
			remoteInfo = "call-blocker";
		};
/* End PBXContainerItemProxy section */

/* Begin PBXFileReference section */
		2C6302A02D7FC3CF0027864D /* call-blocker.app */ = {isa = PBXFileReference; explicitFileType = wrapper.application; includeInIndex = 0; path = "call-blocker.app"; sourceTree = BUILT_PRODUCTS_DIR; };
		2C6302B42D7FC3D10027864D /* call-blockerTests.xctest */ = {isa = PBXFileReference; explicitFileType = wrapper.cfbundle; includeInIndex = 0; path = "call-blockerTests.xctest"; sourceTree = BUILT_PRODUCTS_DIR; };
		2C6302BE2D7FC3D10027864D /* call-blockerUITests.xctest */ = {isa = PBXFileReference; explicitFileType = wrapper.cfbundle; includeInIndex = 0; path = "call-blockerUITests.xctest"; sourceTree = BUILT_PRODUCTS_DIR; };
/* End PBXFileReference section */

/* Begin PBXFileSystemSynchronizedBuildFileExceptionSet section */
		2C6302C62D7FC3D10027864D /* Exceptions for "call-blocker" folder in "call-blocker" target */ = {
			isa = PBXFileSystemSynchronizedBuildFileExceptionSet;
			membershipExceptions = (
				Info.plist,
			);
			target = 2C63029F2D7FC3CF0027864D /* call-blocker */;
		};
/* End PBXFileSystemSynchronizedBuildFileExceptionSet section */

/* Begin PBXFileSystemSynchronizedRootGroup section */
		2C6302A22D7FC3CF0027864D /* call-blocker */ = {
			isa = PBXFileSystemSynchronizedRootGroup;
			exceptions = (
				2C6302C62D7FC3D10027864D /* Exceptions for "call-blocker" folder in "call-blocker" target */,
			);
			path = "call-blocker";
			sourceTree = "<group>";
		};
		2C6302B72D7FC3D10027864D /* call-blockerTests */ = {
			isa = PBXFileSystemSynchronizedRootGroup;
			path = "call-blockerTests";
			sourceTree = "<group>";
		};
		2C6302C12D7FC3D10027864D /* call-blockerUITests */ = {
			isa = PBXFileSystemSynchronizedRootGroup;
			path = "call-blockerUITests";
			sourceTree = "<group>";
		};
/* End PBXFileSystemSynchronizedRootGroup section */

/* Begin PBXFrameworksBuildPhase section */
		2C63029D2D7FC3CF0027864D /* Frameworks */ = {
			isa = PBXFrameworksBuildPhase;
			buildActionMask = 2147483647;
			files = (
			);
			runOnlyForDeploymentPostprocessing = 0;
		};
		2C6302B12D7FC3D10027864D /* Frameworks */ = {
			isa = PBXFrameworksBuildPhase;
			buildActionMask = 2147483647;
			files = (
			);
			runOnlyForDeploymentPostprocessing = 0;
		};
		2C6302BB2D7FC3D10027864D /* Frameworks */ = {
			isa = PBXFrameworksBuildPhase;
			buildActionMask = 2147483647;
			files = (
			);
			runOnlyForDeploymentPostprocessing = 0;
		};
/* End PBXFrameworksBuildPhase section */

/* Begin PBXGroup section */
		2C6302972D7FC3CF0027864D = {
			isa = PBXGroup;
			children = (
				2C6302A22D7FC3CF0027864D /* call-blocker */,
				2C6302B72D7FC3D10027864D /* call-blockerTests */,
				2C6302C12D7FC3D10027864D /* call-blockerUITests */,
				2C6302A12D7FC3CF0027864D /* Products */,
			);
			sourceTree = "<group>";
		};
		2C6302A12D7FC3CF0027864D /* Products */ = {
			isa = PBXGroup;
			children = (
				2C6302A02D7FC3CF0027864D /* call-blocker.app */,
				2C6302B42D7FC3D10027864D /* call-blockerTests.xctest */,
				2C6302BE2D7FC3D10027864D /* call-blockerUITests.xctest */,
			);
			name = Products;
			sourceTree = "<group>";
		};
/* End PBXGroup section */

/* Begin PBXNativeTarget section */
		2C63029F2D7FC3CF0027864D /* call-blocker */ = {
			isa = PBXNativeTarget;
			buildConfigurationList = 2C6302C72D7FC3D10027864D /* Build configuration list for PBXNativeTarget "call-blocker" */;
			buildPhases = (
				2C63029C2D7FC3CF0027864D /* Sources */,
				2C63029D2D7FC3CF0027864D /* Frameworks */,
				2C63029E2D7FC3CF0027864D /* Resources */,
			);
			buildRules = (
			);
			dependencies = (
			);
			fileSystemSynchronizedGroups = (
				2C6302A22D7FC3CF0027864D /* call-blocker */,
			);
			name = "call-blocker";
			packageProductDependencies = (
			);
			productName = "call-blocker";
			productReference = 2C6302A02D7FC3CF0027864D /* call-blocker.app */;
			productType = "com.apple.product-type.application";
		};
		2C6302B32D7FC3D10027864D /* call-blockerTests */ = {
			isa = PBXNativeTarget;
			buildConfigurationList = 2C6302CC2D7FC3D10027864D /* Build configuration list for PBXNativeTarget "call-blockerTests" */;
			buildPhases = (
				2C6302B02D7FC3D10027864D /* Sources */,
				2C6302B12D7FC3D10027864D /* Frameworks */,
				2C6302B22D7FC3D10027864D /* Resources */,
			);
			buildRules = (
			);
			dependencies = (
				2C6302B62D7FC3D10027864D /* PBXTargetDependency */,
			);
			fileSystemSynchronizedGroups = (
				2C6302B72D7FC3D10027864D /* call-blockerTests */,
			);
			name = "call-blockerTests";
			packageProductDependencies = (
			);
			productName = "call-blockerTests";
			productReference = 2C6302B42D7FC3D10027864D /* call-blockerTests.xctest */;
			productType = "com.apple.product-type.bundle.unit-test";
		};
		2C6302BD2D7FC3D10027864D /* call-blockerUITests */ = {
			isa = PBXNativeTarget;
			buildConfigurationList = 2C6302CF2D7FC3D10027864D /* Build configuration list for PBXNativeTarget "call-blockerUITests" */;
			buildPhases = (
				2C6302BA2D7FC3D10027864D /* Sources */,
				2C6302BB2D7FC3D10027864D /* Frameworks */,
				2C6302BC2D7FC3D10027864D /* Resources */,
			);
			buildRules = (
			);
			dependencies = (
				2C6302C02D7FC3D10027864D /* PBXTargetDependency */,
			);
			fileSystemSynchronizedGroups = (
				2C6302C12D7FC3D10027864D /* call-blockerUITests */,
			);
			name = "call-blockerUITests";
			packageProductDependencies = (
			);
			productName = "call-blockerUITests";
			productReference = 2C6302BE2D7FC3D10027864D /* call-blockerUITests.xctest */;
			productType = "com.apple.product-type.bundle.ui-testing";
		};
/* End PBXNativeTarget section */

/* Begin PBXProject section */
		2C6302982D7FC3CF0027864D /* Project object */ = {
			isa = PBXProject;
			attributes = {
				BuildIndependentTargetsInParallel = 1;
				LastSwiftUpdateCheck = 1620;
				LastUpgradeCheck = 1620;
				TargetAttributes = {
					2C63029F2D7FC3CF0027864D = {
						CreatedOnToolsVersion = 16.2;
					};
					2C6302B32D7FC3D10027864D = {
						CreatedOnToolsVersion = 16.2;
						TestTargetID = 2C63029F2D7FC3CF0027864D;
					};
					2C6302BD2D7FC3D10027864D = {
						CreatedOnToolsVersion = 16.2;
						TestTargetID = 2C63029F2D7FC3CF0027864D;
					};
				};
			};
			buildConfigurationList = 2C63029B2D7FC3CF0027864D /* Build configuration list for PBXProject "call-blocker" */;
			developmentRegion = en;
			hasScannedForEncodings = 0;
			knownRegions = (
				en,
				Base,
			);
			mainGroup = 2C6302972D7FC3CF0027864D;
			minimizedProjectReferenceProxies = 1;
			preferredProjectObjectVersion = 77;
			productRefGroup = 2C6302A12D7FC3CF0027864D /* Products */;
			projectDirPath = "";
			projectRoot = "";
			targets = (
				2C63029F2D7FC3CF0027864D /* call-blocker */,
				2C6302B32D7FC3D10027864D /* call-blockerTests */,
				2C6302BD2D7FC3D10027864D /* call-blockerUITests */,
			);
		};
/* End PBXProject section */

/* Begin PBXResourcesBuildPhase section */
		2C63029E2D7FC3CF0027864D /* Resources */ = {
			isa = PBXResourcesBuildPhase;
			buildActionMask = 2147483647;
			files = (
			);
			runOnlyForDeploymentPostprocessing = 0;
		};
		2C6302B22D7FC3D10027864D /* Resources */ = {
			isa = PBXResourcesBuildPhase;
			buildActionMask = 2147483647;
			files = (
			);
			runOnlyForDeploymentPostprocessing = 0;
		};
		2C6302BC2D7FC3D10027864D /* Resources */ = {
			isa = PBXResourcesBuildPhase;
			buildActionMask = 2147483647;
			files = (
			);
			runOnlyForDeploymentPostprocessing = 0;
		};
/* End PBXResourcesBuildPhase section */

/* Begin PBXSourcesBuildPhase section */
		2C63029C2D7FC3CF0027864D /* Sources */ = {
			isa = PBXSourcesBuildPhase;
			buildActionMask = 2147483647;
			files = (
			);
			runOnlyForDeploymentPostprocessing = 0;
		};
		2C6302B02D7FC3D10027864D /* Sources */ = {
			isa = PBXSourcesBuildPhase;
			buildActionMask = 2147483647;
			files = (
			);
			runOnlyForDeploymentPostprocessing = 0;
		};
		2C6302BA2D7FC3D10027864D /* Sources */ = {
			isa = PBXSourcesBuildPhase;
			buildActionMask = 2147483647;
			files = (
			);
			runOnlyForDeploymentPostprocessing = 0;
		};
/* End PBXSourcesBuildPhase section */

/* Begin PBXTargetDependency section */
		2C6302B62D7FC3D10027864D /* PBXTargetDependency */ = {
			isa = PBXTargetDependency;
			target = 2C63029F2D7FC3CF0027864D /* call-blocker */;
			targetProxy = 2C6302B52D7FC3D10027864D /* PBXContainerItemProxy */;
		};
		2C6302C02D7FC3D10027864D /* PBXTargetDependency */ = {
			isa = PBXTargetDependency;
			target = 2C63029F2D7FC3CF0027864D /* call-blocker */;
			targetProxy = 2C6302BF2D7FC3D10027864D /* PBXContainerItemProxy */;
		};
/* End PBXTargetDependency section */

/* Begin XCBuildConfiguration section */
		2C6302C82D7FC3D10027864D /* Debug */ = {
			isa = XCBuildConfiguration;
			buildSettings = {
				ASSETCATALOG_COMPILER_APPICON_NAME = AppIcon;
				ASSETCATALOG_COMPILER_GLOBAL_ACCENT_COLOR_NAME = AccentColor;
				CODE_SIGN_ENTITLEMENTS = "call-blocker/call_blocker.entitlements";
				CODE_SIGN_STYLE = Automatic;
				CURRENT_PROJECT_VERSION = 1;
				DEVELOPMENT_ASSET_PATHS = "\"call-blocker/Preview Content\"";
				DEVELOPMENT_TEAM = 79SGH7RX5C;
				ENABLE_PREVIEWS = YES;
				GENERATE_INFOPLIST_FILE = YES;
				INFOPLIST_FILE = "call-blocker/Info.plist";
				INFOPLIST_KEY_UIApplicationSceneManifest_Generation = YES;
				INFOPLIST_KEY_UIApplicationSupportsIndirectInputEvents = YES;
				INFOPLIST_KEY_UILaunchScreen_Generation = YES;
				INFOPLIST_KEY_UISupportedInterfaceOrientations_iPad = "UIInterfaceOrientationPortrait UIInterfaceOrientationPortraitUpsideDown UIInterfaceOrientationLandscapeLeft UIInterfaceOrientationLandscapeRight";
				INFOPLIST_KEY_UISupportedInterfaceOrientations_iPhone = "UIInterfaceOrientationPortrait UIInterfaceOrientationLandscapeLeft UIInterfaceOrientationLandscapeRight";
				LD_RUNPATH_SEARCH_PATHS = (
					"$(inherited)",
					"@executable_path/Frameworks",
				);
				MARKETING_VERSION = 1.0;
				PRODUCT_BUNDLE_IDENTIFIER = "hdz.ivan.call-blocker";
				PRODUCT_NAME = "$(TARGET_NAME)";
				SWIFT_EMIT_LOC_STRINGS = YES;
				SWIFT_VERSION = 5.0;
				TARGETED_DEVICE_FAMILY = "1,2";
			};
			name = Debug;
		};
		2C6302C92D7FC3D10027864D /* Release */ = {
			isa = XCBuildConfiguration;
			buildSettings = {
				ASSETCATALOG_COMPILER_APPICON_NAME = AppIcon;
				ASSETCATALOG_COMPILER_GLOBAL_ACCENT_COLOR_NAME = AccentColor;
				CODE_SIGN_ENTITLEMENTS = "call-blocker/call_blocker.entitlements";
				CODE_SIGN_STYLE = Automatic;
				CURRENT_PROJECT_VERSION = 1;
				DEVELOPMENT_ASSET_PATHS = "\"call-blocker/Preview Content\"";
				DEVELOPMENT_TEAM = 79SGH7RX5C;
				ENABLE_PREVIEWS = YES;
				GENERATE_INFOPLIST_FILE = YES;
				INFOPLIST_FILE = "call-blocker/Info.plist";
				INFOPLIST_KEY_UIApplicationSceneManifest_Generation = YES;
				INFOPLIST_KEY_UIApplicationSupportsIndirectInputEvents = YES;
				INFOPLIST_KEY_UILaunchScreen_Generation = YES;
				INFOPLIST_KEY_UISupportedInterfaceOrientations_iPad = "UIInterfaceOrientationPortrait UIInterfaceOrientationPortraitUpsideDown UIInterfaceOrientationLandscapeLeft UIInterfaceOrientationLandscapeRight";
				INFOPLIST_KEY_UISupportedInterfaceOrientations_iPhone = "UIInterfaceOrientationPortrait UIInterfaceOrientationLandscapeLeft UIInterfaceOrientationLandscapeRight";
				LD_RUNPATH_SEARCH_PATHS = (
					"$(inherited)",
					"@executable_path/Frameworks",
				);
				MARKETING_VERSION = 1.0;
				PRODUCT_BUNDLE_IDENTIFIER = "hdz.ivan.call-blocker";
				PRODUCT_NAME = "$(TARGET_NAME)";
				SWIFT_EMIT_LOC_STRINGS = YES;
				SWIFT_VERSION = 5.0;
				TARGETED_DEVICE_FAMILY = "1,2";
			};
			name = Release;
		};
		2C6302CA2D7FC3D10027864D /* Debug */ = {
			isa = XCBuildConfiguration;
			buildSettings = {
				ALWAYS_SEARCH_USER_PATHS = NO;
				ASSETCATALOG_COMPILER_GENERATE_SWIFT_ASSET_SYMBOL_EXTENSIONS = YES;
				CLANG_ANALYZER_NONNULL = YES;
				CLANG_ANALYZER_NUMBER_OBJECT_CONVERSION = YES_AGGRESSIVE;
				CLANG_CXX_LANGUAGE_STANDARD = "gnu++20";
				CLANG_ENABLE_MODULES = YES;
				CLANG_ENABLE_OBJC_ARC = YES;
				CLANG_ENABLE_OBJC_WEAK = YES;
				CLANG_WARN_BLOCK_CAPTURE_AUTORELEASING = YES;
				CLANG_WARN_BOOL_CONVERSION = YES;
				CLANG_WARN_COMMA = YES;
				CLANG_WARN_CONSTANT_CONVERSION = YES;
				CLANG_WARN_DEPRECATED_OBJC_IMPLEMENTATIONS = YES;
				CLANG_WARN_DIRECT_OBJC_ISA_USAGE = YES_ERROR;
				CLANG_WARN_DOCUMENTATION_COMMENTS = YES;
				CLANG_WARN_EMPTY_BODY = YES;
				CLANG_WARN_ENUM_CONVERSION = YES;
				CLANG_WARN_INFINITE_RECURSION = YES;
				CLANG_WARN_INT_CONVERSION = YES;
				CLANG_WARN_NON_LITERAL_NULL_CONVERSION = YES;
				CLANG_WARN_OBJC_IMPLICIT_RETAIN_SELF = YES;
				CLANG_WARN_OBJC_LITERAL_CONVERSION = YES;
				CLANG_WARN_OBJC_ROOT_CLASS = YES_ERROR;
				CLANG_WARN_QUOTED_INCLUDE_IN_FRAMEWORK_HEADER = YES;
				CLANG_WARN_RANGE_LOOP_ANALYSIS = YES;
				CLANG_WARN_STRICT_PROTOTYPES = YES;
				CLANG_WARN_SUSPICIOUS_MOVE = YES;
				CLANG_WARN_UNGUARDED_AVAILABILITY = YES_AGGRESSIVE;
				CLANG_WARN_UNREACHABLE_CODE = YES;
				CLANG_WARN__DUPLICATE_METHOD_MATCH = YES;
				COPY_PHASE_STRIP = NO;
				DEBUG_INFORMATION_FORMAT = dwarf;
				ENABLE_STRICT_OBJC_MSGSEND = YES;
				ENABLE_TESTABILITY = YES;
				ENABLE_USER_SCRIPT_SANDBOXING = YES;
				GCC_C_LANGUAGE_STANDARD = gnu17;
				GCC_DYNAMIC_NO_PIC = NO;
				GCC_NO_COMMON_BLOCKS = YES;
				GCC_OPTIMIZATION_LEVEL = 0;
				GCC_PREPROCESSOR_DEFINITIONS = (
					"DEBUG=1",
					"$(inherited)",
				);
				GCC_WARN_64_TO_32_BIT_CONVERSION = YES;
				GCC_WARN_ABOUT_RETURN_TYPE = YES_ERROR;
				GCC_WARN_UNDECLARED_SELECTOR = YES;
				GCC_WARN_UNINITIALIZED_AUTOS = YES_AGGRESSIVE;
				GCC_WARN_UNUSED_FUNCTION = YES;
				GCC_WARN_UNUSED_VARIABLE = YES;
				IPHONEOS_DEPLOYMENT_TARGET = 18.2;
				LOCALIZATION_PREFERS_STRING_CATALOGS = YES;
				MTL_ENABLE_DEBUG_INFO = INCLUDE_SOURCE;
				MTL_FAST_MATH = YES;
				ONLY_ACTIVE_ARCH = YES;
				SDKROOT = iphoneos;
				SWIFT_ACTIVE_COMPILATION_CONDITIONS = "DEBUG $(inherited)";
				SWIFT_OPTIMIZATION_LEVEL = "-Onone";
			};
			name = Debug;
		};
		2C6302CB2D7FC3D10027864D /* Release */ = {
			isa = XCBuildConfiguration;
			buildSettings = {
				ALWAYS_SEARCH_USER_PATHS = NO;
				ASSETCATALOG_COMPILER_GENERATE_SWIFT_ASSET_SYMBOL_EXTENSIONS = YES;
				CLANG_ANALYZER_NONNULL = YES;
				CLANG_ANALYZER_NUMBER_OBJECT_CONVERSION = YES_AGGRESSIVE;
				CLANG_CXX_LANGUAGE_STANDARD = "gnu++20";
				CLANG_ENABLE_MODULES = YES;
				CLANG_ENABLE_OBJC_ARC = YES;
				CLANG_ENABLE_OBJC_WEAK = YES;
				CLANG_WARN_BLOCK_CAPTURE_AUTORELEASING = YES;
				CLANG_WARN_BOOL_CONVERSION = YES;
				CLANG_WARN_COMMA = YES;
				CLANG_WARN_CONSTANT_CONVERSION = YES;
				CLANG_WARN_DEPRECATED_OBJC_IMPLEMENTATIONS = YES;
				CLANG_WARN_DIRECT_OBJC_ISA_USAGE = YES_ERROR;
				CLANG_WARN_DOCUMENTATION_COMMENTS = YES;
				CLANG_WARN_EMPTY_BODY = YES;
				CLANG_WARN_ENUM_CONVERSION = YES;
				CLANG_WARN_INFINITE_RECURSION = YES;
				CLANG_WARN_INT_CONVERSION = YES;
				CLANG_WARN_NON_LITERAL_NULL_CONVERSION = YES;
				CLANG_WARN_OBJC_IMPLICIT_RETAIN_SELF = YES;
				CLANG_WARN_OBJC_LITERAL_CONVERSION = YES;
				CLANG_WARN_OBJC_ROOT_CLASS = YES_ERROR;
				CLANG_WARN_QUOTED_INCLUDE_IN_FRAMEWORK_HEADER = YES;
				CLANG_WARN_RANGE_LOOP_ANALYSIS = YES;
				CLANG_WARN_STRICT_PROTOTYPES = YES;
				CLANG_WARN_SUSPICIOUS_MOVE = YES;
				CLANG_WARN_UNGUARDED_AVAILABILITY = YES_AGGRESSIVE;
				CLANG_WARN_UNREACHABLE_CODE = YES;
				CLANG_WARN__DUPLICATE_METHOD_MATCH = YES;
				COPY_PHASE_STRIP = NO;
				DEBUG_INFORMATION_FORMAT = "dwarf-with-dsym";
				ENABLE_NS_ASSERTIONS = NO;
				ENABLE_STRICT_OBJC_MSGSEND = YES;
				ENABLE_USER_SCRIPT_SANDBOXING = YES;
				GCC_C_LANGUAGE_STANDARD = gnu17;
				GCC_NO_COMMON_BLOCKS = YES;
				GCC_WARN_64_TO_32_BIT_CONVERSION = YES;
				GCC_WARN_ABOUT_RETURN_TYPE = YES_ERROR;
				GCC_WARN_UNDECLARED_SELECTOR = YES;
				GCC_WARN_UNINITIALIZED_AUTOS = YES_AGGRESSIVE;
				GCC_WARN_UNUSED_FUNCTION = YES;
				GCC_WARN_UNUSED_VARIABLE = YES;
				IPHONEOS_DEPLOYMENT_TARGET = 18.2;
				LOCALIZATION_PREFERS_STRING_CATALOGS = YES;
				MTL_ENABLE_DEBUG_INFO = NO;
				MTL_FAST_MATH = YES;
				SDKROOT = iphoneos;
				SWIFT_COMPILATION_MODE = wholemodule;
				VALIDATE_PRODUCT = YES;
			};
			name = Release;
		};
		2C6302CD2D7FC3D10027864D /* Debug */ = {
			isa = XCBuildConfiguration;
			buildSettings = {
				BUNDLE_LOADER = "$(TEST_HOST)";
				CODE_SIGN_STYLE = Automatic;
				CURRENT_PROJECT_VERSION = 1;
				DEVELOPMENT_TEAM = 79SGH7RX5C;
				GENERATE_INFOPLIST_FILE = YES;
				IPHONEOS_DEPLOYMENT_TARGET = 18.2;
				MARKETING_VERSION = 1.0;
				PRODUCT_BUNDLE_IDENTIFIER = "hdz.ivan.call-blockerTests";
				PRODUCT_NAME = "$(TARGET_NAME)";
				SWIFT_EMIT_LOC_STRINGS = NO;
				SWIFT_VERSION = 5.0;
				TARGETED_DEVICE_FAMILY = "1,2";
				TEST_HOST = "$(BUILT_PRODUCTS_DIR)/call-blocker.app/$(BUNDLE_EXECUTABLE_FOLDER_PATH)/call-blocker";
			};
			name = Debug;
		};
		2C6302CE2D7FC3D10027864D /* Release */ = {
			isa = XCBuildConfiguration;
			buildSettings = {
				BUNDLE_LOADER = "$(TEST_HOST)";
				CODE_SIGN_STYLE = Automatic;
				CURRENT_PROJECT_VERSION = 1;
				DEVELOPMENT_TEAM = 79SGH7RX5C;
				GENERATE_INFOPLIST_FILE = YES;
				IPHONEOS_DEPLOYMENT_TARGET = 18.2;
				MARKETING_VERSION = 1.0;
				PRODUCT_BUNDLE_IDENTIFIER = "hdz.ivan.call-blockerTests";
				PRODUCT_NAME = "$(TARGET_NAME)";
				SWIFT_EMIT_LOC_STRINGS = NO;
				SWIFT_VERSION = 5.0;
				TARGETED_DEVICE_FAMILY = "1,2";
				TEST_HOST = "$(BUILT_PRODUCTS_DIR)/call-blocker.app/$(BUNDLE_EXECUTABLE_FOLDER_PATH)/call-blocker";
			};
			name = Release;
		};
		2C6302D02D7FC3D10027864D /* Debug */ = {
			isa = XCBuildConfiguration;
			buildSettings = {
				CODE_SIGN_STYLE = Automatic;
				CURRENT_PROJECT_VERSION = 1;
				DEVELOPMENT_TEAM = 79SGH7RX5C;
				GENERATE_INFOPLIST_FILE = YES;
				MARKETING_VERSION = 1.0;
				PRODUCT_BUNDLE_IDENTIFIER = "hdz.ivan.call-blockerUITests";
				PRODUCT_NAME = "$(TARGET_NAME)";
				SWIFT_EMIT_LOC_STRINGS = NO;
				SWIFT_VERSION = 5.0;
				TARGETED_DEVICE_FAMILY = "1,2";
				TEST_TARGET_NAME = "call-blocker";
			};
			name = Debug;
		};
		2C6302D12D7FC3D10027864D /* Release */ = {
			isa = XCBuildConfiguration;
			buildSettings = {
				CODE_SIGN_STYLE = Automatic;
				CURRENT_PROJECT_VERSION = 1;
				DEVELOPMENT_TEAM = 79SGH7RX5C;
				GENERATE_INFOPLIST_FILE = YES;
				MARKETING_VERSION = 1.0;
				PRODUCT_BUNDLE_IDENTIFIER = "hdz.ivan.call-blockerUITests";
				PRODUCT_NAME = "$(TARGET_NAME)";
				SWIFT_EMIT_LOC_STRINGS = NO;
				SWIFT_VERSION = 5.0;
				TARGETED_DEVICE_FAMILY = "1,2";
				TEST_TARGET_NAME = "call-blocker";
			};
			name = Release;
		};
/* End XCBuildConfiguration section */

/* Begin XCConfigurationList section */
		2C63029B2D7FC3CF0027864D /* Build configuration list for PBXProject "call-blocker" */ = {
			isa = XCConfigurationList;
			buildConfigurations = (
				2C6302CA2D7FC3D10027864D /* Debug */,
				2C6302CB2D7FC3D10027864D /* Release */,
			);
			defaultConfigurationIsVisible = 0;
			defaultConfigurationName = Release;
		};
		2C6302C72D7FC3D10027864D /* Build configuration list for PBXNativeTarget "call-blocker" */ = {
			isa = XCConfigurationList;
			buildConfigurations = (
				2C6302C82D7FC3D10027864D /* Debug */,
				2C6302C92D7FC3D10027864D /* Release */,
			);
			defaultConfigurationIsVisible = 0;
			defaultConfigurationName = Release;
		};
		2C6302CC2D7FC3D10027864D /* Build configuration list for PBXNativeTarget "call-blockerTests" */ = {
			isa = XCConfigurationList;
			buildConfigurations = (
				2C6302CD2D7FC3D10027864D /* Debug */,
				2C6302CE2D7FC3D10027864D /* Release */,
			);
			defaultConfigurationIsVisible = 0;
			defaultConfigurationName = Release;
		};
		2C6302CF2D7FC3D10027864D /* Build configuration list for PBXNativeTarget "call-blockerUITests" */ = {
			isa = XCConfigurationList;
			buildConfigurations = (
				2C6302D02D7FC3D10027864D /* Debug */,
				2C6302D12D7FC3D10027864D /* Release */,
			);
			defaultConfigurationIsVisible = 0;
			defaultConfigurationName = Release;
		};
/* End XCConfigurationList section */
	};
	rootObject = 2C6302982D7FC3CF0027864D /* Project object */;
}
